// !$*UTF8*$!
{
	archiveVersion = 1;
	classes = {
	};
	objectVersion = 56;
	objects = {

/* Begin PBXBuildFile section */
		1B0000000000000000000001 /* CRUXApp.swift in Sources */ = {isa = PBXBuildFile; fileRef = 1A0000000000000000000011 /* CRUXApp.swift */; };
		1B0000000000000000000002 /* Models.swift in Sources */ = {isa = PBXBuildFile; fileRef = 1A0000000000000000000012 /* Models.swift */; };
		1B0000000000000000000003 /* ColorMath.swift in Sources */ = {isa = PBXBuildFile; fileRef = 1A0000000000000000000013 /* ColorMath.swift */; };
		1B0000000000000000000004 /* RouteSelector.swift in Sources */ = {isa = PBXBuildFile; fileRef = 1A0000000000000000000014 /* RouteSelector.swift */; };
		1B0000000000000000000005 /* Theme.swift in Sources */ = {isa = PBXBuildFile; fileRef = 1A0000000000000000000015 /* Theme.swift */; };
		1B0000000000000000000006 /* RootTabView.swift in Sources */ = {isa = PBXBuildFile; fileRef = 1A0000000000000000000016 /* RootTabView.swift */; };
		1B0000000000000000000007 /* TodayView.swift in Sources */ = {isa = PBXBuildFile; fileRef = 1A0000000000000000000017 /* TodayView.swift */; };
		1B0000000000000000000008 /* RoutesView.swift in Sources */ = {isa = PBXBuildFile; fileRef = 1A0000000000000000000018 /* RoutesView.swift */; };
		1B0000000000000000000009 /* AddRecordFlow.swift in Sources */ = {isa = PBXBuildFile; fileRef = 1A0000000000000000000019 /* AddRecordFlow.swift */; };
/* End PBXBuildFile section */

/* Begin PBXFileReference section */
		1A0000000000000000000011 /* CRUXApp.swift */ = {isa = PBXFileReference; lastKnownFileType = sourcecode.swift; path = CRUXApp.swift; sourceTree = "<group>"; };
		1A0000000000000000000012 /* Models.swift */ = {isa = PBXFileReference; lastKnownFileType = sourcecode.swift; path = Models.swift; sourceTree = "<group>"; };
		1A0000000000000000000013 /* ColorMath.swift */ = {isa = PBXFileReference; lastKnownFileType = sourcecode.swift; path = ColorMath.swift; sourceTree = "<group>"; };
		1A0000000000000000000014 /* RouteSelector.swift */ = {isa = PBXFileReference; lastKnownFileType = sourcecode.swift; path = RouteSelector.swift; sourceTree = "<group>"; };
		1A0000000000000000000015 /* Theme.swift */ = {isa = PBXFileReference; lastKnownFileType = sourcecode.swift; path = Theme.swift; sourceTree = "<group>"; };
		1A0000000000000000000016 /* RootTabView.swift */ = {isa = PBXFileReference; lastKnownFileType = sourcecode.swift; path = RootTabView.swift; sourceTree = "<group>"; };
		1A0000000000000000000017 /* TodayView.swift */ = {isa = PBXFileReference; lastKnownFileType = sourcecode.swift; path = TodayView.swift; sourceTree = "<group>"; };
		1A0000000000000000000018 /* RoutesView.swift */ = {isa = PBXFileReference; lastKnownFileType = sourcecode.swift; path = RoutesView.swift; sourceTree = "<group>"; };
		1A0000000000000000000019 /* AddRecordFlow.swift */ = {isa = PBXFileReference; lastKnownFileType = sourcecode.swift; path = AddRecordFlow.swift; sourceTree = "<group>"; };
		1A000000000000000000001A /* Info.plist */ = {isa = PBXFileReference; lastKnownFileType = text.plist.xml; path = Info.plist; sourceTree = "<group>"; };
		1A000000000000000000001B /* CRUX.app */ = {isa = PBXFileReference; explicitFileType = wrapper.application; includeInIndex = 0; path = CRUX.app; sourceTree = BUILT_PRODUCTS_DIR; };
/* End PBXFileReference section */

/* Begin PBXFrameworksBuildPhase section */
		1A0000000000000000000004 /* Frameworks */ = {
			isa = PBXFrameworksBuildPhase;
			buildActionMask = 2147483647;
			files = (
			);
			runOnlyForDeploymentPostprocessing = 0;
		};
/* End PBXFrameworksBuildPhase section */

/* Begin PBXGroup section */
		1A0000000000000000000007 = {
			isa = PBXGroup;
			children = (
				1A0000000000000000000008 /* CRUX */,
				1A0000000000000000000009 /* Sources */,
				1A000000000000000000000A /* Products */,
			);
			sourceTree = "<group>";
		};
		1A0000000000000000000008 /* CRUX */ = {
			isa = PBXGroup;
			children = (
				1A0000000000000000000011 /* CRUXApp.swift */,
				1A000000000000000000001A /* Info.plist */,
			);
			path = CRUX;
			sourceTree = "<group>";
		};
		1A0000000000000000000009 /* Sources */ = {
			isa = PBXGroup;
			children = (
				1A0000000000000000000012 /* Models.swift */,
				1A0000000000000000000013 /* ColorMath.swift */,
				1A0000000000000000000014 /* RouteSelector.swift */,
				1A0000000000000000000015 /* Theme.swift */,
				1A0000000000000000000016 /* RootTabView.swift */,
				1A0000000000000000000017 /* TodayView.swift */,
				1A0000000000000000000018 /* RoutesView.swift */,
				1A0000000000000000000019 /* AddRecordFlow.swift */,
			);
			path = Sources/CRUX;
			sourceTree = "<group>";
		};
		1A000000000000000000000A /* Products */ = {
			isa = PBXGroup;
			children = (
				1A000000000000000000001B /* CRUX.app */,
			);
			name = Products;
			sourceTree = "<group>";
		};
/* End PBXGroup section */

/* Begin PBXNativeTarget section */
		1A0000000000000000000002 /* CRUX */ = {
			isa = PBXNativeTarget;
			buildConfigurationList = 1A000000000000000000000C /* Build configuration list for PBXNativeTarget "CRUX" */;
			buildPhases = (
				1A0000000000000000000003 /* Sources */,
				1A0000000000000000000004 /* Frameworks */,
				1A0000000000000000000005 /* Resources */,
			);
			buildRules = (
			);
			dependencies = (
			);
			name = CRUX;
			productName = CRUX;
			productReference = 1A000000000000000000001B /* CRUX.app */;
			productType = "com.apple.product-type.application";
		};
/* End PBXNativeTarget section */

/* Begin PBXProject section */
		1A0000000000000000000001 /* Project object */ = {
			isa = PBXProject;
			attributes = {
				BuildIndependentTargetsInParallel = 1;
				LastSwiftUpdateCheck = 1600;
				LastUpgradeCheck = 1600;
				TargetAttributes = {
					1A0000000000000000000002 = {
						CreatedOnToolsVersion = 16.0;
					};
				};
			};
			buildConfigurationList = 1A000000000000000000000B /* Build configuration list for PBXProject "CRUX" */;
			compatibilityVersion = "Xcode 14.0";
			developmentRegion = en;
			hasScannedForEncodings = 0;
			knownRegions = (
				en,
				Base,
			);
			mainGroup = 1A0000000000000000000007;
			productRefGroup = 1A000000000000000000000A /* Products */;
			projectDirPath = "";
			projectRoot = "";
			targets = (
				1A0000000000000000000002 /* CRUX */,
			);
		};
/* End PBXProject section */

/* Begin PBXResourcesBuildPhase section */
		1A0000000000000000000005 /* Resources */ = {
			isa = PBXResourcesBuildPhase;
			buildActionMask = 2147483647;
			files = (
			);
			runOnlyForDeploymentPostprocessing = 0;
		};
/* End PBXResourcesBuildPhase section */

/* Begin PBXSourcesBuildPhase section */
		1A0000000000000000000003 /* Sources */ = {
			isa = PBXSourcesBuildPhase;
			buildActionMask = 2147483647;
			files = (
				1B0000000000000000000001 /* CRUXApp.swift in Sources */,
				1B0000000000000000000002 /* Models.swift in Sources */,
				1B0000000000000000000003 /* ColorMath.swift in Sources */,
				1B0000000000000000000004 /* RouteSelector.swift in Sources */,
				1B0000000000000000000005 /* Theme.swift in Sources */,
				1B0000000000000000000006 /* RootTabView.swift in Sources */,
				1B0000000000000000000007 /* TodayView.swift in Sources */,
				1B0000000000000000000008 /* RoutesView.swift in Sources */,
				1B0000000000000000000009 /* AddRecordFlow.swift in Sources */,
			);
			runOnlyForDeploymentPostprocessing = 0;
		};
/* End PBXSourcesBuildPhase section */

/* Begin XCBuildConfiguration section */
		1A000000000000000000000D /* Debug */ = {
			isa = XCBuildConfiguration;
			buildSettings = {
				ALWAYS_SEARCH_USER_PATHS = NO;
				CLANG_ENABLE_MODULES = YES;
				CLANG_ENABLE_OBJC_ARC = YES;
				COPY_PHASE_STRIP = NO;
				DEBUG_INFORMATION_FORMAT = dwarf;
				ENABLE_STRICT_OBJC_MSGSEND = YES;
				ENABLE_TESTABILITY = YES;
				GCC_C_LANGUAGE_STANDARD = gnu17;
				GCC_DYNAMIC_NO_PIC = NO;
				GCC_NO_COMMON_BLOCKS = YES;
				GCC_OPTIMIZATION_LEVEL = 0;
				GCC_PREPROCESSOR_DEFINITIONS = (
					"DEBUG=1",
					"$(inherited)",
				);
				IPHONEOS_DEPLOYMENT_TARGET = 17.0;
				MTL_ENABLE_DEBUG_INFO = INCLUDE_SOURCE;
				MTL_FAST_MATH = YES;
				ONLY_ACTIVE_ARCH = YES;
				SDKROOT = iphoneos;
				SWIFT_ACTIVE_COMPILATION_CONDITIONS = DEBUG;
				SWIFT_OPTIMIZATION_LEVEL = "-Onone";
			};
			name = Debug;
		};
		1A000000000000000000000E /* Release */ = {
			isa = XCBuildConfiguration;
			buildSettings = {
				ALWAYS_SEARCH_USER_PATHS = NO;
				CLANG_ENABLE_MODULES = YES;
				CLANG_ENABLE_OBJC_ARC = YES;
				COPY_PHASE_STRIP = NO;
				DEBUG_INFORMATION_FORMAT = "dwarf-with-dsym";
				ENABLE_NS_ASSERTIONS = NO;
				ENABLE_STRICT_OBJC_MSGSEND = YES;
				GCC_C_LANGUAGE_STANDARD = gnu17;
				GCC_NO_COMMON_BLOCKS = YES;
				IPHONEOS_DEPLOYMENT_TARGET = 17.0;
				MTL_ENABLE_DEBUG_INFO = NO;
				MTL_FAST_MATH = YES;
				SDKROOT = iphoneos;
				SWIFT_COMPILATION_MODE = wholemodule;
				VALIDATE_PRODUCT = YES;
			};
			name = Release;
		};
		1A000000000000000000000F /* Debug */ = {
			isa = XCBuildConfiguration;
			buildSettings = {
				ASSETCATALOG_COMPILER_GENERATE_ASSET_SYMBOLS = YES;
				CODE_SIGN_STYLE = Automatic;
				CURRENT_PROJECT_VERSION = 1;
				ENABLE_PREVIEWS = YES;
				GENERATE_INFOPLIST_FILE = NO;
				INFOPLIST_FILE = CRUX/Info.plist;
				LD_RUNPATH_SEARCH_PATHS = (
					"$(inherited)",
					"@executable_path/Frameworks",
				);
				MARKETING_VERSION = 0.1.0;
				PRODUCT_BUNDLE_IDENTIFIER = com.crux.app;
				PRODUCT_NAME = "$(TARGET_NAME)";
				SWIFT_EMIT_LOC_STRINGS = YES;
				SWIFT_VERSION = 5.0;
				TARGETED_DEVICE_FAMILY = 1;
			};
			name = Debug;
		};
		1A0000000000000000000010 /* Release */ = {
			isa = XCBuildConfiguration;
			buildSettings = {
				ASSETCATALOG_COMPILER_GENERATE_ASSET_SYMBOLS = YES;
				CODE_SIGN_STYLE = Automatic;
				CURRENT_PROJECT_VERSION = 1;
				ENABLE_PREVIEWS = YES;
				GENERATE_INFOPLIST_FILE = NO;
				INFOPLIST_FILE = CRUX/Info.plist;
				LD_RUNPATH_SEARCH_PATHS = (
					"$(inherited)",
					"@executable_path/Frameworks",
				);
				MARKETING_VERSION = 0.1.0;
				PRODUCT_BUNDLE_IDENTIFIER = com.crux.app;
				PRODUCT_NAME = "$(TARGET_NAME)";
				SWIFT_EMIT_LOC_STRINGS = YES;
				SWIFT_VERSION = 5.0;
				TARGETED_DEVICE_FAMILY = 1;
			};
			name = Release;
		};
/* End XCBuildConfiguration section */

/* Begin XCConfigurationList section */
		1A000000000000000000000B /* Build configuration list for PBXProject "CRUX" */ = {
			isa = XCConfigurationList;
			buildConfigurations = (
				1A000000000000000000000D /* Debug */,
				1A000000000000000000000E /* Release */,
			);
			defaultConfigurationIsVisible = 0;
			defaultConfigurationName = Release;
		};
		1A000000000000000000000C /* Build configuration list for PBXNativeTarget "CRUX" */ = {
			isa = XCConfigurationList;
			buildConfigurations = (
				1A000000000000000000000F /* Debug */,
				1A0000000000000000000010 /* Release */,
			);
			defaultConfigurationIsVisible = 0;
			defaultConfigurationName = Release;
		};
/* End XCConfigurationList section */
	};
	rootObject = 1A0000000000000000000001 /* Project object */;
}
